// !$*UTF8*$!
{
	archiveVersion = 1;
	classes = {
	};
	objectVersion = 55;
	objects = {

/* Begin PBXBuildFile section */
		EFB625EF2948C5A500BDBA19 /* Grid.atlas in Resources */ = {isa = PBXBuildFile; fileRef = EFB625EE2948C5A500BDBA19 /* Grid.atlas */; };
		EFE945202943444500FEEE73 /* AppDelegate.swift in Sources */ = {isa = PBXBuildFile; fileRef = EFE9451F2943444500FEEE73 /* AppDelegate.swift */; };
		EFE945262943444500FEEE73 /* GameScene.swift in Sources */ = {isa = PBXBuildFile; fileRef = EFE945252943444500FEEE73 /* GameScene.swift */; };
		EFE945282943444500FEEE73 /* GameViewController.swift in Sources */ = {isa = PBXBuildFile; fileRef = EFE945272943444500FEEE73 /* GameViewController.swift */; };
		EFE9452B2943444500FEEE73 /* Main.storyboard in Resources */ = {isa = PBXBuildFile; fileRef = EFE945292943444500FEEE73 /* Main.storyboard */; };
		EFE9452D2943444800FEEE73 /* Assets.xcassets in Resources */ = {isa = PBXBuildFile; fileRef = EFE9452C2943444800FEEE73 /* Assets.xcassets */; };
		EFE945302943444800FEEE73 /* LaunchScreen.storyboard in Resources */ = {isa = PBXBuildFile; fileRef = EFE9452E2943444800FEEE73 /* LaunchScreen.storyboard */; };
		EFE9453D29434CEC00FEEE73 /* Scrape.wav in Resources */ = {isa = PBXBuildFile; fileRef = EFE9453729434CEC00FEEE73 /* Scrape.wav */; };
		EFE9453E29434CEC00FEEE73 /* Ka-Ching.wav in Resources */ = {isa = PBXBuildFile; fileRef = EFE9453829434CEC00FEEE73 /* Ka-Ching.wav */; };
		EFE9454029434CEC00FEEE73 /* Drip.wav in Resources */ = {isa = PBXBuildFile; fileRef = EFE9453A29434CEC00FEEE73 /* Drip.wav */; };
		EFE9454129434CEC00FEEE73 /* Chomp.wav in Resources */ = {isa = PBXBuildFile; fileRef = EFE9453B29434CEC00FEEE73 /* Chomp.wav */; };
		EFE9454229434CEC00FEEE73 /* Error.wav in Resources */ = {isa = PBXBuildFile; fileRef = EFE9453C29434CEC00FEEE73 /* Error.wav */; };
		EFE9454429434D0A00FEEE73 /* mainTheme.mp3 in Resources */ = {isa = PBXBuildFile; fileRef = EFE9454329434D0900FEEE73 /* mainTheme.mp3 */; };
		EFE9454B2948A06F00FEEE73 /* Level_3.json in Resources */ = {isa = PBXBuildFile; fileRef = EFE945462948A06F00FEEE73 /* Level_3.json */; };
		EFE9454C2948A07000FEEE73 /* Level_5.json in Resources */ = {isa = PBXBuildFile; fileRef = EFE945472948A06F00FEEE73 /* Level_5.json */; };
		EFE9454D2948A07000FEEE73 /* Level_4.json in Resources */ = {isa = PBXBuildFile; fileRef = EFE945482948A06F00FEEE73 /* Level_4.json */; };
		EFE9454E2948A07000FEEE73 /* Level_0.json in Resources */ = {isa = PBXBuildFile; fileRef = EFE945492948A06F00FEEE73 /* Level_0.json */; };
		EFE9454F2948A07000FEEE73 /* Level_2.json in Resources */ = {isa = PBXBuildFile; fileRef = EFE9454A2948A06F00FEEE73 /* Level_2.json */; };
		EFE945512948A12200FEEE73 /* Level_1.json in Resources */ = {isa = PBXBuildFile; fileRef = EFE945502948A12200FEEE73 /* Level_1.json */; };
		EFE945532948A7AB00FEEE73 /* Sprites.atlas in Resources */ = {isa = PBXBuildFile; fileRef = EFE945522948A7AB00FEEE73 /* Sprites.atlas */; };
		EFE945552948AAFE00FEEE73 /* Tile.swift in Sources */ = {isa = PBXBuildFile; fileRef = EFE945542948AAFE00FEEE73 /* Tile.swift */; };
		EFE945572948AB4000FEEE73 /* Array2D.swift in Sources */ = {isa = PBXBuildFile; fileRef = EFE945562948AB4000FEEE73 /* Array2D.swift */; };
		EFE945592948ABA700FEEE73 /* LevelData.swift in Sources */ = {isa = PBXBuildFile; fileRef = EFE945582948ABA700FEEE73 /* LevelData.swift */; };
		EFE9455C2948AF0600FEEE73 /* ItemX.swift in Sources */ = {isa = PBXBuildFile; fileRef = EFE9455B2948AF0600FEEE73 /* ItemX.swift */; };
		EFE9455E2948B49100FEEE73 /* Level.swift in Sources */ = {isa = PBXBuildFile; fileRef = EFE9455D2948B49100FEEE73 /* Level.swift */; };
/* End PBXBuildFile section */

/* Begin PBXFileReference section */
		EFB625EE2948C5A500BDBA19 /* Grid.atlas */ = {isa = PBXFileReference; lastKnownFileType = folder.skatlas; path = Grid.atlas; sourceTree = "<group>"; };
		EFE9451C2943444500FEEE73 /* XmasCrunch.app */ = {isa = PBXFileReference; explicitFileType = wrapper.application; includeInIndex = 0; path = XmasCrunch.app; sourceTree = BUILT_PRODUCTS_DIR; };
		EFE9451F2943444500FEEE73 /* AppDelegate.swift */ = {isa = PBXFileReference; lastKnownFileType = sourcecode.swift; path = AppDelegate.swift; sourceTree = "<group>"; };
		EFE945252943444500FEEE73 /* GameScene.swift */ = {isa = PBXFileReference; lastKnownFileType = sourcecode.swift; path = GameScene.swift; sourceTree = "<group>"; };
		EFE945272943444500FEEE73 /* GameViewController.swift */ = {isa = PBXFileReference; lastKnownFileType = sourcecode.swift; path = GameViewController.swift; sourceTree = "<group>"; };
		EFE9452A2943444500FEEE73 /* Base */ = {isa = PBXFileReference; lastKnownFileType = file.storyboard; name = Base; path = Base.lproj/Main.storyboard; sourceTree = "<group>"; };
		EFE9452C2943444800FEEE73 /* Assets.xcassets */ = {isa = PBXFileReference; lastKnownFileType = folder.assetcatalog; path = Assets.xcassets; sourceTree = "<group>"; };
		EFE9452F2943444800FEEE73 /* Base */ = {isa = PBXFileReference; lastKnownFileType = file.storyboard; name = Base; path = Base.lproj/LaunchScreen.storyboard; sourceTree = "<group>"; };
		EFE9453729434CEC00FEEE73 /* Scrape.wav */ = {isa = PBXFileReference; lastKnownFileType = audio.wav; path = Scrape.wav; sourceTree = "<group>"; };
		EFE9453829434CEC00FEEE73 /* Ka-Ching.wav */ = {isa = PBXFileReference; lastKnownFileType = audio.wav; path = "Ka-Ching.wav"; sourceTree = "<group>"; };
		EFE9453A29434CEC00FEEE73 /* Drip.wav */ = {isa = PBXFileReference; lastKnownFileType = audio.wav; path = Drip.wav; sourceTree = "<group>"; };
		EFE9453B29434CEC00FEEE73 /* Chomp.wav */ = {isa = PBXFileReference; lastKnownFileType = audio.wav; path = Chomp.wav; sourceTree = "<group>"; };
		EFE9453C29434CEC00FEEE73 /* Error.wav */ = {isa = PBXFileReference; lastKnownFileType = audio.wav; path = Error.wav; sourceTree = "<group>"; };
		EFE9454329434D0900FEEE73 /* mainTheme.mp3 */ = {isa = PBXFileReference; lastKnownFileType = audio.mp3; path = mainTheme.mp3; sourceTree = "<group>"; };
		EFE945462948A06F00FEEE73 /* Level_3.json */ = {isa = PBXFileReference; fileEncoding = 4; lastKnownFileType = text.json; path = Level_3.json; sourceTree = "<group>"; };
		EFE945472948A06F00FEEE73 /* Level_5.json */ = {isa = PBXFileReference; fileEncoding = 4; lastKnownFileType = text.json; path = Level_5.json; sourceTree = "<group>"; };
		EFE945482948A06F00FEEE73 /* Level_4.json */ = {isa = PBXFileReference; fileEncoding = 4; lastKnownFileType = text.json; path = Level_4.json; sourceTree = "<group>"; };
		EFE945492948A06F00FEEE73 /* Level_0.json */ = {isa = PBXFileReference; fileEncoding = 4; lastKnownFileType = text.json; path = Level_0.json; sourceTree = "<group>"; };
		EFE9454A2948A06F00FEEE73 /* Level_2.json */ = {isa = PBXFileReference; fileEncoding = 4; lastKnownFileType = text.json; path = Level_2.json; sourceTree = "<group>"; };
		EFE945502948A12200FEEE73 /* Level_1.json */ = {isa = PBXFileReference; lastKnownFileType = text.json; path = Level_1.json; sourceTree = "<group>"; };
		EFE945522948A7AB00FEEE73 /* Sprites.atlas */ = {isa = PBXFileReference; lastKnownFileType = folder.skatlas; path = Sprites.atlas; sourceTree = "<group>"; };
		EFE945542948AAFE00FEEE73 /* Tile.swift */ = {isa = PBXFileReference; lastKnownFileType = sourcecode.swift; path = Tile.swift; sourceTree = "<group>"; };
		EFE945562948AB4000FEEE73 /* Array2D.swift */ = {isa = PBXFileReference; lastKnownFileType = sourcecode.swift; path = Array2D.swift; sourceTree = "<group>"; };
		EFE945582948ABA700FEEE73 /* LevelData.swift */ = {isa = PBXFileReference; lastKnownFileType = sourcecode.swift; path = LevelData.swift; sourceTree = "<group>"; };
		EFE9455B2948AF0600FEEE73 /* ItemX.swift */ = {isa = PBXFileReference; lastKnownFileType = sourcecode.swift; path = ItemX.swift; sourceTree = "<group>"; };
		EFE9455D2948B49100FEEE73 /* Level.swift */ = {isa = PBXFileReference; lastKnownFileType = sourcecode.swift; path = Level.swift; sourceTree = "<group>"; };
/* End PBXFileReference section */

/* Begin PBXFrameworksBuildPhase section */
		EFE945192943444500FEEE73 /* Frameworks */ = {
			isa = PBXFrameworksBuildPhase;
			buildActionMask = 2147483647;
			files = (
			);
			runOnlyForDeploymentPostprocessing = 0;
		};
/* End PBXFrameworksBuildPhase section */

/* Begin PBXGroup section */
		EFE945132943444500FEEE73 = {
			isa = PBXGroup;
			children = (
				EFE9451E2943444500FEEE73 /* XmasCrunch */,
				EFE9451D2943444500FEEE73 /* Products */,
			);
			sourceTree = "<group>";
		};
		EFE9451D2943444500FEEE73 /* Products */ = {
			isa = PBXGroup;
			children = (
				EFE9451C2943444500FEEE73 /* XmasCrunch.app */,
			);
			name = Products;
			sourceTree = "<group>";
		};
		EFE9451E2943444500FEEE73 /* XmasCrunch */ = {
			isa = PBXGroup;
			children = (
				EFE9451F2943444500FEEE73 /* AppDelegate.swift */,
				EFE945252943444500FEEE73 /* GameScene.swift */,
				EFE945272943444500FEEE73 /* GameViewController.swift */,
				EFE945542948AAFE00FEEE73 /* Tile.swift */,
				EFE945562948AB4000FEEE73 /* Array2D.swift */,
				EFE945582948ABA700FEEE73 /* LevelData.swift */,
				EFE9455B2948AF0600FEEE73 /* ItemX.swift */,
				EFE9455D2948B49100FEEE73 /* Level.swift */,
				EFE9452C2943444800FEEE73 /* Assets.xcassets */,
				EFE945292943444500FEEE73 /* Main.storyboard */,
				EFE9452E2943444800FEEE73 /* LaunchScreen.storyboard */,
				EFE945452948A06F00FEEE73 /* Levels */,
				EFE9453629434CEC00FEEE73 /* Sounds */,
				EFE945522948A7AB00FEEE73 /* Sprites.atlas */,
				EFB625EE2948C5A500BDBA19 /* Grid.atlas */,
			);
			path = XmasCrunch;
			sourceTree = "<group>";
		};
		EFE9453629434CEC00FEEE73 /* Sounds */ = {
			isa = PBXGroup;
			children = (
				EFE9453729434CEC00FEEE73 /* Scrape.wav */,
				EFE9453829434CEC00FEEE73 /* Ka-Ching.wav */,
				EFE9453A29434CEC00FEEE73 /* Drip.wav */,
				EFE9453B29434CEC00FEEE73 /* Chomp.wav */,
				EFE9453C29434CEC00FEEE73 /* Error.wav */,
				EFE9454329434D0900FEEE73 /* mainTheme.mp3 */,
			);
			path = Sounds;
			sourceTree = "<group>";
		};
		EFE945452948A06F00FEEE73 /* Levels */ = {
			isa = PBXGroup;
			children = (
				EFE945492948A06F00FEEE73 /* Level_0.json */,
				EFE945502948A12200FEEE73 /* Level_1.json */,
				EFE9454A2948A06F00FEEE73 /* Level_2.json */,
				EFE945462948A06F00FEEE73 /* Level_3.json */,
				EFE945482948A06F00FEEE73 /* Level_4.json */,
				EFE945472948A06F00FEEE73 /* Level_5.json */,
			);
			path = Levels;
			sourceTree = "<group>";
		};
/* End PBXGroup section */

/* Begin PBXNativeTarget section */
		EFE9451B2943444500FEEE73 /* XmasCrunch */ = {
			isa = PBXNativeTarget;
			buildConfigurationList = EFE945332943444800FEEE73 /* Build configuration list for PBXNativeTarget "XmasCrunch" */;
			buildPhases = (
				EFE945182943444500FEEE73 /* Sources */,
				EFE945192943444500FEEE73 /* Frameworks */,
				EFE9451A2943444500FEEE73 /* Resources */,
			);
			buildRules = (
			);
			dependencies = (
			);
			name = XmasCrunch;
			productName = XmasCrunch;
			productReference = EFE9451C2943444500FEEE73 /* XmasCrunch.app */;
			productType = "com.apple.product-type.application";
		};
/* End PBXNativeTarget section */

/* Begin PBXProject section */
		EFE945142943444500FEEE73 /* Project object */ = {
			isa = PBXProject;
			attributes = {
				BuildIndependentTargetsInParallel = 1;
				LastSwiftUpdateCheck = 1330;
				LastUpgradeCheck = 1330;
				TargetAttributes = {
					EFE9451B2943444500FEEE73 = {
						CreatedOnToolsVersion = 13.3;
					};
				};
			};
			buildConfigurationList = EFE945172943444500FEEE73 /* Build configuration list for PBXProject "XmasCrunch" */;
			compatibilityVersion = "Xcode 13.0";
			developmentRegion = en;
			hasScannedForEncodings = 0;
			knownRegions = (
				en,
				Base,
			);
			mainGroup = EFE945132943444500FEEE73;
			productRefGroup = EFE9451D2943444500FEEE73 /* Products */;
			projectDirPath = "";
			projectRoot = "";
			targets = (
				EFE9451B2943444500FEEE73 /* XmasCrunch */,
			);
		};
/* End PBXProject section */

/* Begin PBXResourcesBuildPhase section */
		EFE9451A2943444500FEEE73 /* Resources */ = {
			isa = PBXResourcesBuildPhase;
			buildActionMask = 2147483647;
			files = (
				EFE9454F2948A07000FEEE73 /* Level_2.json in Resources */,
				EFE945512948A12200FEEE73 /* Level_1.json in Resources */,
				EFB625EF2948C5A500BDBA19 /* Grid.atlas in Resources */,
				EFE9453D29434CEC00FEEE73 /* Scrape.wav in Resources */,
				EFE9454C2948A07000FEEE73 /* Level_5.json in Resources */,
				EFE9454B2948A06F00FEEE73 /* Level_3.json in Resources */,
				EFE9454029434CEC00FEEE73 /* Drip.wav in Resources */,
				EFE9454229434CEC00FEEE73 /* Error.wav in Resources */,
				EFE9453E29434CEC00FEEE73 /* Ka-Ching.wav in Resources */,
				EFE9454E2948A07000FEEE73 /* Level_0.json in Resources */,
				EFE9454129434CEC00FEEE73 /* Chomp.wav in Resources */,
				EFE945532948A7AB00FEEE73 /* Sprites.atlas in Resources */,
				EFE9454D2948A07000FEEE73 /* Level_4.json in Resources */,
				EFE9454429434D0A00FEEE73 /* mainTheme.mp3 in Resources */,
				EFE9452B2943444500FEEE73 /* Main.storyboard in Resources */,
				EFE9452D2943444800FEEE73 /* Assets.xcassets in Resources */,
				EFE945302943444800FEEE73 /* LaunchScreen.storyboard in Resources */,
			);
			runOnlyForDeploymentPostprocessing = 0;
		};
/* End PBXResourcesBuildPhase section */

/* Begin PBXSourcesBuildPhase section */
		EFE945182943444500FEEE73 /* Sources */ = {
			isa = PBXSourcesBuildPhase;
			buildActionMask = 2147483647;
			files = (
				EFE945592948ABA700FEEE73 /* LevelData.swift in Sources */,
				EFE945262943444500FEEE73 /* GameScene.swift in Sources */,
				EFE9455C2948AF0600FEEE73 /* ItemX.swift in Sources */,
				EFE945282943444500FEEE73 /* GameViewController.swift in Sources */,
				EFE945202943444500FEEE73 /* AppDelegate.swift in Sources */,
				EFE945552948AAFE00FEEE73 /* Tile.swift in Sources */,
				EFE9455E2948B49100FEEE73 /* Level.swift in Sources */,
				EFE945572948AB4000FEEE73 /* Array2D.swift in Sources */,
			);
			runOnlyForDeploymentPostprocessing = 0;
		};
/* End PBXSourcesBuildPhase section */

/* Begin PBXVariantGroup section */
		EFE945292943444500FEEE73 /* Main.storyboard */ = {
			isa = PBXVariantGroup;
			children = (
				EFE9452A2943444500FEEE73 /* Base */,
			);
			name = Main.storyboard;
			sourceTree = "<group>";
		};
		EFE9452E2943444800FEEE73 /* LaunchScreen.storyboard */ = {
			isa = PBXVariantGroup;
			children = (
				EFE9452F2943444800FEEE73 /* Base */,
			);
			name = LaunchScreen.storyboard;
			sourceTree = "<group>";
		};
/* End PBXVariantGroup section */

/* Begin XCBuildConfiguration section */
		EFE945312943444800FEEE73 /* Debug */ = {
			isa = XCBuildConfiguration;
			buildSettings = {
				ALWAYS_SEARCH_USER_PATHS = NO;
				CLANG_ANALYZER_NONNULL = YES;
				CLANG_ANALYZER_NUMBER_OBJECT_CONVERSION = YES_AGGRESSIVE;
				CLANG_CXX_LANGUAGE_STANDARD = "gnu++17";
				CLANG_ENABLE_MODULES = YES;
				CLANG_ENABLE_OBJC_ARC = YES;
				CLANG_ENABLE_OBJC_WEAK = YES;
				CLANG_WARN_BLOCK_CAPTURE_AUTORELEASING = YES;
				CLANG_WARN_BOOL_CONVERSION = YES;
				CLANG_WARN_COMMA = YES;
				CLANG_WARN_CONSTANT_CONVERSION = YES;
				CLANG_WARN_DEPRECATED_OBJC_IMPLEMENTATIONS = YES;
				CLANG_WARN_DIRECT_OBJC_ISA_USAGE = YES_ERROR;
				CLANG_WARN_DOCUMENTATION_COMMENTS = YES;
				CLANG_WARN_EMPTY_BODY = YES;
				CLANG_WARN_ENUM_CONVERSION = YES;
				CLANG_WARN_INFINITE_RECURSION = YES;
				CLANG_WARN_INT_CONVERSION = YES;
				CLANG_WARN_NON_LITERAL_NULL_CONVERSION = YES;
				CLANG_WARN_OBJC_IMPLICIT_RETAIN_SELF = YES;
				CLANG_WARN_OBJC_LITERAL_CONVERSION = YES;
				CLANG_WARN_OBJC_ROOT_CLASS = YES_ERROR;
				CLANG_WARN_QUOTED_INCLUDE_IN_FRAMEWORK_HEADER = YES;
				CLANG_WARN_RANGE_LOOP_ANALYSIS = YES;
				CLANG_WARN_STRICT_PROTOTYPES = YES;
				CLANG_WARN_SUSPICIOUS_MOVE = YES;
				CLANG_WARN_UNGUARDED_AVAILABILITY = YES_AGGRESSIVE;
				CLANG_WARN_UNREACHABLE_CODE = YES;
				CLANG_WARN__DUPLICATE_METHOD_MATCH = YES;
				COPY_PHASE_STRIP = NO;
				DEBUG_INFORMATION_FORMAT = dwarf;
				ENABLE_STRICT_OBJC_MSGSEND = YES;
				ENABLE_TESTABILITY = YES;
				GCC_C_LANGUAGE_STANDARD = gnu11;
				GCC_DYNAMIC_NO_PIC = NO;
				GCC_NO_COMMON_BLOCKS = YES;
				GCC_OPTIMIZATION_LEVEL = 0;
				GCC_PREPROCESSOR_DEFINITIONS = (
					"DEBUG=1",
					"$(inherited)",
				);
				GCC_WARN_64_TO_32_BIT_CONVERSION = YES;
				GCC_WARN_ABOUT_RETURN_TYPE = YES_ERROR;
				GCC_WARN_UNDECLARED_SELECTOR = YES;
				GCC_WARN_UNINITIALIZED_AUTOS = YES_AGGRESSIVE;
				GCC_WARN_UNUSED_FUNCTION = YES;
				GCC_WARN_UNUSED_VARIABLE = YES;
				IPHONEOS_DEPLOYMENT_TARGET = 15.4;
				MTL_ENABLE_DEBUG_INFO = INCLUDE_SOURCE;
				MTL_FAST_MATH = YES;
				ONLY_ACTIVE_ARCH = YES;
				SDKROOT = iphoneos;
				SWIFT_ACTIVE_COMPILATION_CONDITIONS = DEBUG;
				SWIFT_OPTIMIZATION_LEVEL = "-Onone";
			};
			name = Debug;
		};
		EFE945322943444800FEEE73 /* Release */ = {
			isa = XCBuildConfiguration;
			buildSettings = {
				ALWAYS_SEARCH_USER_PATHS = NO;
				CLANG_ANALYZER_NONNULL = YES;
				CLANG_ANALYZER_NUMBER_OBJECT_CONVERSION = YES_AGGRESSIVE;
				CLANG_CXX_LANGUAGE_STANDARD = "gnu++17";
				CLANG_ENABLE_MODULES = YES;
				CLANG_ENABLE_OBJC_ARC = YES;
				CLANG_ENABLE_OBJC_WEAK = YES;
				CLANG_WARN_BLOCK_CAPTURE_AUTORELEASING = YES;
				CLANG_WARN_BOOL_CONVERSION = YES;
				CLANG_WARN_COMMA = YES;
				CLANG_WARN_CONSTANT_CONVERSION = YES;
				CLANG_WARN_DEPRECATED_OBJC_IMPLEMENTATIONS = YES;
				CLANG_WARN_DIRECT_OBJC_ISA_USAGE = YES_ERROR;
				CLANG_WARN_DOCUMENTATION_COMMENTS = YES;
				CLANG_WARN_EMPTY_BODY = YES;
				CLANG_WARN_ENUM_CONVERSION = YES;
				CLANG_WARN_INFINITE_RECURSION = YES;
				CLANG_WARN_INT_CONVERSION = YES;
				CLANG_WARN_NON_LITERAL_NULL_CONVERSION = YES;
				CLANG_WARN_OBJC_IMPLICIT_RETAIN_SELF = YES;
				CLANG_WARN_OBJC_LITERAL_CONVERSION = YES;
				CLANG_WARN_OBJC_ROOT_CLASS = YES_ERROR;
				CLANG_WARN_QUOTED_INCLUDE_IN_FRAMEWORK_HEADER = YES;
				CLANG_WARN_RANGE_LOOP_ANALYSIS = YES;
				CLANG_WARN_STRICT_PROTOTYPES = YES;
				CLANG_WARN_SUSPICIOUS_MOVE = YES;
				CLANG_WARN_UNGUARDED_AVAILABILITY = YES_AGGRESSIVE;
				CLANG_WARN_UNREACHABLE_CODE = YES;
				CLANG_WARN__DUPLICATE_METHOD_MATCH = YES;
				COPY_PHASE_STRIP = NO;
				DEBUG_INFORMATION_FORMAT = "dwarf-with-dsym";
				ENABLE_NS_ASSERTIONS = NO;
				ENABLE_STRICT_OBJC_MSGSEND = YES;
				GCC_C_LANGUAGE_STANDARD = gnu11;
				GCC_NO_COMMON_BLOCKS = YES;
				GCC_WARN_64_TO_32_BIT_CONVERSION = YES;
				GCC_WARN_ABOUT_RETURN_TYPE = YES_ERROR;
				GCC_WARN_UNDECLARED_SELECTOR = YES;
				GCC_WARN_UNINITIALIZED_AUTOS = YES_AGGRESSIVE;
				GCC_WARN_UNUSED_FUNCTION = YES;
				GCC_WARN_UNUSED_VARIABLE = YES;
				IPHONEOS_DEPLOYMENT_TARGET = 15.4;
				MTL_ENABLE_DEBUG_INFO = NO;
				MTL_FAST_MATH = YES;
				SDKROOT = iphoneos;
				SWIFT_COMPILATION_MODE = wholemodule;
				SWIFT_OPTIMIZATION_LEVEL = "-O";
				VALIDATE_PRODUCT = YES;
			};
			name = Release;
		};
		EFE945342943444800FEEE73 /* Debug */ = {
			isa = XCBuildConfiguration;
			buildSettings = {
				ASSETCATALOG_COMPILER_APPICON_NAME = AppIcon;
				ASSETCATALOG_COMPILER_GLOBAL_ACCENT_COLOR_NAME = AccentColor;
				CODE_SIGN_STYLE = Automatic;
				CURRENT_PROJECT_VERSION = 1;
				DEVELOPMENT_TEAM = 8683DU5JVT;
				GENERATE_INFOPLIST_FILE = YES;
				INFOPLIST_KEY_UIApplicationSupportsIndirectInputEvents = YES;
				INFOPLIST_KEY_UILaunchStoryboardName = LaunchScreen;
				INFOPLIST_KEY_UIMainStoryboardFile = Main;
				INFOPLIST_KEY_UIStatusBarHidden = YES;
				INFOPLIST_KEY_UISupportedInterfaceOrientations_iPad = "UIInterfaceOrientationPortrait UIInterfaceOrientationPortraitUpsideDown UIInterfaceOrientationLandscapeLeft UIInterfaceOrientationLandscapeRight";
				INFOPLIST_KEY_UISupportedInterfaceOrientations_iPhone = "UIInterfaceOrientationPortrait UIInterfaceOrientationLandscapeLeft UIInterfaceOrientationLandscapeRight";
				LD_RUNPATH_SEARCH_PATHS = (
					"$(inherited)",
					"@executable_path/Frameworks",
				);
				MARKETING_VERSION = 1.0;
				PRODUCT_BUNDLE_IDENTIFIER = study.XmasCrunch;
				PRODUCT_NAME = "$(TARGET_NAME)";
				SWIFT_EMIT_LOC_STRINGS = YES;
				SWIFT_VERSION = 5.0;
				TARGETED_DEVICE_FAMILY = "1,2";
			};
			name = Debug;
		};
		EFE945352943444800FEEE73 /* Release */ = {
			isa = XCBuildConfiguration;
			buildSettings = {
				ASSETCATALOG_COMPILER_APPICON_NAME = AppIcon;
				ASSETCATALOG_COMPILER_GLOBAL_ACCENT_COLOR_NAME = AccentColor;
				CODE_SIGN_STYLE = Automatic;
				CURRENT_PROJECT_VERSION = 1;
				DEVELOPMENT_TEAM = 8683DU5JVT;
				GENERATE_INFOPLIST_FILE = YES;
				INFOPLIST_KEY_UIApplicationSupportsIndirectInputEvents = YES;
				INFOPLIST_KEY_UILaunchStoryboardName = LaunchScreen;
				INFOPLIST_KEY_UIMainStoryboardFile = Main;
				INFOPLIST_KEY_UIStatusBarHidden = YES;
				INFOPLIST_KEY_UISupportedInterfaceOrientations_iPad = "UIInterfaceOrientationPortrait UIInterfaceOrientationPortraitUpsideDown UIInterfaceOrientationLandscapeLeft UIInterfaceOrientationLandscapeRight";
				INFOPLIST_KEY_UISupportedInterfaceOrientations_iPhone = "UIInterfaceOrientationPortrait UIInterfaceOrientationLandscapeLeft UIInterfaceOrientationLandscapeRight";
				LD_RUNPATH_SEARCH_PATHS = (
					"$(inherited)",
					"@executable_path/Frameworks",
				);
				MARKETING_VERSION = 1.0;
				PRODUCT_BUNDLE_IDENTIFIER = study.XmasCrunch;
				PRODUCT_NAME = "$(TARGET_NAME)";
				SWIFT_EMIT_LOC_STRINGS = YES;
				SWIFT_VERSION = 5.0;
				TARGETED_DEVICE_FAMILY = "1,2";
			};
			name = Release;
		};
/* End XCBuildConfiguration section */

/* Begin XCConfigurationList section */
		EFE945172943444500FEEE73 /* Build configuration list for PBXProject "XmasCrunch" */ = {
			isa = XCConfigurationList;
			buildConfigurations = (
				EFE945312943444800FEEE73 /* Debug */,
				EFE945322943444800FEEE73 /* Release */,
			);
			defaultConfigurationIsVisible = 0;
			defaultConfigurationName = Release;
		};
		EFE945332943444800FEEE73 /* Build configuration list for PBXNativeTarget "XmasCrunch" */ = {
			isa = XCConfigurationList;
			buildConfigurations = (
				EFE945342943444800FEEE73 /* Debug */,
				EFE945352943444800FEEE73 /* Release */,
			);
			defaultConfigurationIsVisible = 0;
			defaultConfigurationName = Release;
		};
/* End XCConfigurationList section */
	};
	rootObject = EFE945142943444500FEEE73 /* Project object */;
}
